
Microsoft Visual Studio Solution File, Format Version 12.00
# Visual Studio Version 17
VisualStudioVersion = 17.6.33829.357
MinimumVisualStudioVersion = 10.0.40219.1
Project("{FAE04EC0-301F-11D3-BF4B-00C04F79EFBC}") = "Codes", "Codes\Codes.csproj", "{A8C946AF-953D-422F-8AB9-A8C564D46993}"
EndProject
Global
	GlobalSection(SolutionConfigurationPlatforms) = preSolution
		Debug|Any CPU = Debug|Any CPU
		Release|Any CPU = Release|Any CPU
	EndGlobalSection
	GlobalSection(ProjectConfigurationPlatforms) = postSolution
		{A8C946AF-953D-422F-8AB9-A8C564D46993}.Debug|Any CPU.ActiveCfg = Debug|Any CPU
		{A8C946AF-953D-422F-8AB9-A8C564D46993}.Debug|Any CPU.Build.0 = Debug|Any CPU
		{A8C946AF-953D-422F-8AB9-A8C564D46993}.Release|Any CPU.ActiveCfg = Release|Any CPU
		{A8C946AF-953D-422F-8AB9-A8C564D46993}.Release|Any CPU.Build.0 = Release|Any CPU
	EndGlobalSection
	GlobalSection(SolutionProperties) = preSolution
		HideSolutionNode = FALSE
	EndGlobalSection
	GlobalSection(ExtensibilityGlobals) = postSolution
		SolutionGuid = {3ED4E38B-2CCE-4538-953E-CF0C58B283DF}
	EndGlobalSection
EndGlobal
